
Microsoft Visual Studio Solution File, Format Version 12.00
# Visual Studio Version 16
VisualStudioVersion = 16.0.30114.105
MinimumVisualStudioVersion = 10.0.40219.1
Project("{FAE04EC0-301F-11D3-BF4B-00C04F79EFBC}") = "PrefixTree", "PrefixTree\PrefixTree.csproj", "{E4D38190-D532-445D-A388-14F4B4AB5F9A}"
EndProject
Global
	GlobalSection(SolutionConfigurationPlatforms) = preSolution
		Debug|Any CPU = Debug|Any CPU
		Release|Any CPU = Release|Any CPU
	EndGlobalSection
	GlobalSection(ProjectConfigurationPlatforms) = postSolution
		{E4D38190-D532-445D-A388-14F4B4AB5F9A}.Debug|Any CPU.ActiveCfg = Debug|Any CPU
		{E4D38190-D532-445D-A388-14F4B4AB5F9A}.Debug|Any CPU.Build.0 = Debug|Any CPU
		{E4D38190-D532-445D-A388-14F4B4AB5F9A}.Release|Any CPU.ActiveCfg = Release|Any CPU
		{E4D38190-D532-445D-A388-14F4B4AB5F9A}.Release|Any CPU.Build.0 = Release|Any CPU
	EndGlobalSection
	GlobalSection(SolutionProperties) = preSolution
		HideSolutionNode = FALSE
	EndGlobalSection
	GlobalSection(ExtensibilityGlobals) = postSolution
		SolutionGuid = {9CBFDE4F-1F89-4697-A26F-BB3D03C83913}
	EndGlobalSection
EndGlobal
